
Microsoft Visual Studio Solution File, Format Version 12.00
# Visual Studio 15
VisualStudioVersion = 15.0.27004.2005
MinimumVisualStudioVersion = 10.0.40219.1
Project("{FAE04EC0-301F-11D3-BF4B-00C04F79EFBC}") = "CsvReader", "CsvReader\CsvReader.csproj", "{1F6AD0BA-46D6-4619-A3A2-279ADA57CDB1}"
EndProject
Global
	GlobalSection(SolutionConfigurationPlatforms) = preSolution
		Debug|Any CPU = Debug|Any CPU
		Release|Any CPU = Release|Any CPU
	EndGlobalSection
	GlobalSection(ProjectConfigurationPlatforms) = postSolution
		{1F6AD0BA-46D6-4619-A3A2-279ADA57CDB1}.Debug|Any CPU.ActiveCfg = Debug|Any CPU
		{1F6AD0BA-46D6-4619-A3A2-279ADA57CDB1}.Debug|Any CPU.Build.0 = Debug|Any CPU
		{1F6AD0BA-46D6-4619-A3A2-279ADA57CDB1}.Release|Any CPU.ActiveCfg = Release|Any CPU
		{1F6AD0BA-46D6-4619-A3A2-279ADA57CDB1}.Release|Any CPU.Build.0 = Release|Any CPU
	EndGlobalSection
	GlobalSection(SolutionProperties) = preSolution
		HideSolutionNode = FALSE
	EndGlobalSection
	GlobalSection(ExtensibilityGlobals) = postSolution
		SolutionGuid = {40F3D35E-B669-4462-828F-B1503BD3B7F6}
	EndGlobalSection
EndGlobal
